
Microsoft Visual Studio Solution File, Format Version 12.00
# Visual Studio Version 17
VisualStudioVersion = 17.8.34330.188
MinimumVisualStudioVersion = 10.0.40219.1
Project("{FAE04EC0-301F-11D3-BF4B-00C04F79EFBC}") = "RepositoryPatternWithUOW.Api", "RepositoryPatternWithUOW.Api\RepositoryPatternWithUOW.Api.csproj", "{6A33EF64-7137-4011-A3F4-875295DAC4EA}"
EndProject
Project("{FAE04EC0-301F-11D3-BF4B-00C04F79EFBC}") = "RepositoryPatternWithUOW.Core", "RepositoryPatternWithUOW.Core\RepositoryPatternWithUOW.Core.csproj", "{923077A2-D71F-4D25-8AB4-5309139C139D}"
EndProject
Project("{FAE04EC0-301F-11D3-BF4B-00C04F79EFBC}") = "RepositoryPatternWithUOW.EF", "RepositoryPatternWithUOW.EF\RepositoryPatternWithUOW.EF.csproj", "{9F22D0BA-E4EF-4C29-A934-4EF7E4587E3D}"
EndProject
Global
	GlobalSection(SolutionConfigurationPlatforms) = preSolution
		Debug|Any CPU = Debug|Any CPU
		Release|Any CPU = Release|Any CPU
	EndGlobalSection
	GlobalSection(ProjectConfigurationPlatforms) = postSolution
		{6A33EF64-7137-4011-A3F4-875295DAC4EA}.Debug|Any CPU.ActiveCfg = Debug|Any CPU
		{6A33EF64-7137-4011-A3F4-875295DAC4EA}.Debug|Any CPU.Build.0 = Debug|Any CPU
		{6A33EF64-7137-4011-A3F4-875295DAC4EA}.Release|Any CPU.ActiveCfg = Release|Any CPU
		{6A33EF64-7137-4011-A3F4-875295DAC4EA}.Release|Any CPU.Build.0 = Release|Any CPU
		{923077A2-D71F-4D25-8AB4-5309139C139D}.Debug|Any CPU.ActiveCfg = Debug|Any CPU
		{923077A2-D71F-4D25-8AB4-5309139C139D}.Debug|Any CPU.Build.0 = Debug|Any CPU
		{923077A2-D71F-4D25-8AB4-5309139C139D}.Release|Any CPU.ActiveCfg = Release|Any CPU
		{923077A2-D71F-4D25-8AB4-5309139C139D}.Release|Any CPU.Build.0 = Release|Any CPU
		{9F22D0BA-E4EF-4C29-A934-4EF7E4587E3D}.Debug|Any CPU.ActiveCfg = Debug|Any CPU
		{9F22D0BA-E4EF-4C29-A934-4EF7E4587E3D}.Debug|Any CPU.Build.0 = Debug|Any CPU
		{9F22D0BA-E4EF-4C29-A934-4EF7E4587E3D}.Release|Any CPU.ActiveCfg = Release|Any CPU
		{9F22D0BA-E4EF-4C29-A934-4EF7E4587E3D}.Release|Any CPU.Build.0 = Release|Any CPU
	EndGlobalSection
	GlobalSection(SolutionProperties) = preSolution
		HideSolutionNode = FALSE
	EndGlobalSection
	GlobalSection(ExtensibilityGlobals) = postSolution
		SolutionGuid = {2C6CC883-6228-45D9-B590-2CF1E6001432}
	EndGlobalSection
EndGlobal
